
Microsoft Visual Studio Solution File, Format Version 12.00
# Visual Studio Version 17
VisualStudioVersion = 17.9.34728.123
MinimumVisualStudioVersion = 10.0.40219.1
Project("{9A19103F-16F7-4668-BE54-9A1E7A4F7556}") = "PresidentVoting", "PresidentVoting\PresidentVoting.csproj", "{AFE20110-4A50-4DB2-8FC1-7E8216C72C8C}"
EndProject
Project("{9A19103F-16F7-4668-BE54-9A1E7A4F7556}") = "EmailValidation", "EmailValidation\EmailValidation.csproj", "{81C24F0D-9188-460D-9E48-3FE7A5BEAFE3}"
EndProject
Project("{FAE04EC0-301F-11D3-BF4B-00C04F79EFBC}") = "DecomposingURLs", "DecomposingURLs\DecomposingURLs.csproj", "{AB654885-8E2F-4C34-B477-5A33CEB2FB6E}"
EndProject
Project("{FAE04EC0-301F-11D3-BF4B-00C04F79EFBC}") = "CalculatingStats", "CalculatingStats\CalculatingStats.csproj", "{5B274F23-3203-42A2-BB82-7A280A19DA2F}"
EndProject
Global
	GlobalSection(SolutionConfigurationPlatforms) = preSolution
		Debug|Any CPU = Debug|Any CPU
		Release|Any CPU = Release|Any CPU
	EndGlobalSection
	GlobalSection(ProjectConfigurationPlatforms) = postSolution
		{AFE20110-4A50-4DB2-8FC1-7E8216C72C8C}.Debug|Any CPU.ActiveCfg = Debug|Any CPU
		{AFE20110-4A50-4DB2-8FC1-7E8216C72C8C}.Debug|Any CPU.Build.0 = Debug|Any CPU
		{AFE20110-4A50-4DB2-8FC1-7E8216C72C8C}.Release|Any CPU.ActiveCfg = Release|Any CPU
		{AFE20110-4A50-4DB2-8FC1-7E8216C72C8C}.Release|Any CPU.Build.0 = Release|Any CPU
		{81C24F0D-9188-460D-9E48-3FE7A5BEAFE3}.Debug|Any CPU.ActiveCfg = Debug|Any CPU
		{81C24F0D-9188-460D-9E48-3FE7A5BEAFE3}.Debug|Any CPU.Build.0 = Debug|Any CPU
		{81C24F0D-9188-460D-9E48-3FE7A5BEAFE3}.Release|Any CPU.ActiveCfg = Release|Any CPU
		{81C24F0D-9188-460D-9E48-3FE7A5BEAFE3}.Release|Any CPU.Build.0 = Release|Any CPU
		{AB654885-8E2F-4C34-B477-5A33CEB2FB6E}.Debug|Any CPU.ActiveCfg = Debug|Any CPU
		{AB654885-8E2F-4C34-B477-5A33CEB2FB6E}.Debug|Any CPU.Build.0 = Debug|Any CPU
		{AB654885-8E2F-4C34-B477-5A33CEB2FB6E}.Release|Any CPU.ActiveCfg = Release|Any CPU
		{AB654885-8E2F-4C34-B477-5A33CEB2FB6E}.Release|Any CPU.Build.0 = Release|Any CPU
		{5B274F23-3203-42A2-BB82-7A280A19DA2F}.Debug|Any CPU.ActiveCfg = Debug|Any CPU
		{5B274F23-3203-42A2-BB82-7A280A19DA2F}.Debug|Any CPU.Build.0 = Debug|Any CPU
		{5B274F23-3203-42A2-BB82-7A280A19DA2F}.Release|Any CPU.ActiveCfg = Release|Any CPU
		{5B274F23-3203-42A2-BB82-7A280A19DA2F}.Release|Any CPU.Build.0 = Release|Any CPU
	EndGlobalSection
	GlobalSection(SolutionProperties) = preSolution
		HideSolutionNode = FALSE
	EndGlobalSection
	GlobalSection(ExtensibilityGlobals) = postSolution
		SolutionGuid = {D808CE79-BE1B-479D-88BB-27126C297B67}
	EndGlobalSection
EndGlobal
