
Microsoft Visual Studio Solution File, Format Version 12.00
# Visual Studio Version 17
VisualStudioVersion = 17.9.34728.123
MinimumVisualStudioVersion = 10.0.40219.1
Project("{9A19103F-16F7-4668-BE54-9A1E7A4F7556}") = "PresidentVoting", "PresidentVoting\PresidentVoting.csproj", "{AFE20110-4A50-4DB2-8FC1-7E8216C72C8C}"
EndProject
Project("{9A19103F-16F7-4668-BE54-9A1E7A4F7556}") = "EmailValidation", "EmailValidation\EmailValidation.csproj", "{81C24F0D-9188-460D-9E48-3FE7A5BEAFE3}"
EndProject
Project("{9A19103F-16F7-4668-BE54-9A1E7A4F7556}") = "DecomposingURLs", "DecomposingURLs\DecomposingURLs.csproj", "{AB654885-8E2F-4C34-B477-5A33CEB2FB6E}"
EndProject
Project("{9A19103F-16F7-4668-BE54-9A1E7A4F7556}") = "CalculatingStats", "CalculatingStats\CalculatingStats.csproj", "{5B274F23-3203-42A2-BB82-7A280A19DA2F}"
EndProject
Project("{9A19103F-16F7-4668-BE54-9A1E7A4F7556}") = "CountingVowels", "CountingVowels\CountingVowels.csproj", "{13060198-F590-4932-A1E7-0E14CCAA751C}"
EndProject
Project("{9A19103F-16F7-4668-BE54-9A1E7A4F7556}") = "MovieNight", "MovieNight\MovieNight.csproj", "{FD60849A-10DF-4682-A643-977DDE5F4B97}"
EndProject
Project("{9A19103F-16F7-4668-BE54-9A1E7A4F7556}") = "WordsOfAffirmation", "WordsOfAffirmation\WordsOfAffirmation.csproj", "{AC6B0BAD-A369-4A1A-8EC9-375686D3744F}"
EndProject
Project("{9A19103F-16F7-4668-BE54-9A1E7A4F7556}") = "FibonacciSequence", "FibonacciSequence\FibonacciSequence.csproj", "{FDF25AAD-BA3A-4221-9F1A-B1AEBD4DE64B}"
EndProject
Project("{9A19103F-16F7-4668-BE54-9A1E7A4F7556}") = "PartyRSVP", "PartyRSVP\PartyRSVP.csproj", "{09753D06-4E4D-4899-A9B5-F960927B56A4}"
EndProject
Project("{9A19103F-16F7-4668-BE54-9A1E7A4F7556}") = "TipCalculator", "TipCalculator\TipCalculator.csproj", "{A6FEFF84-1800-46F3-B280-E07A6EC73E87}"
EndProject
Project("{FAE04EC0-301F-11D3-BF4B-00C04F79EFBC}") = "ShopInventory", "ShopInventory\ShopInventory.csproj", "{31D7AA67-9AED-4CD6-A34E-371352B1B12C}"
EndProject
Global
	GlobalSection(SolutionConfigurationPlatforms) = preSolution
		Debug|Any CPU = Debug|Any CPU
		Release|Any CPU = Release|Any CPU
	EndGlobalSection
	GlobalSection(ProjectConfigurationPlatforms) = postSolution
		{AFE20110-4A50-4DB2-8FC1-7E8216C72C8C}.Debug|Any CPU.ActiveCfg = Debug|Any CPU
		{AFE20110-4A50-4DB2-8FC1-7E8216C72C8C}.Debug|Any CPU.Build.0 = Debug|Any CPU
		{AFE20110-4A50-4DB2-8FC1-7E8216C72C8C}.Release|Any CPU.ActiveCfg = Release|Any CPU
		{AFE20110-4A50-4DB2-8FC1-7E8216C72C8C}.Release|Any CPU.Build.0 = Release|Any CPU
		{81C24F0D-9188-460D-9E48-3FE7A5BEAFE3}.Debug|Any CPU.ActiveCfg = Debug|Any CPU
		{81C24F0D-9188-460D-9E48-3FE7A5BEAFE3}.Debug|Any CPU.Build.0 = Debug|Any CPU
		{81C24F0D-9188-460D-9E48-3FE7A5BEAFE3}.Release|Any CPU.ActiveCfg = Release|Any CPU
		{81C24F0D-9188-460D-9E48-3FE7A5BEAFE3}.Release|Any CPU.Build.0 = Release|Any CPU
		{AB654885-8E2F-4C34-B477-5A33CEB2FB6E}.Debug|Any CPU.ActiveCfg = Debug|Any CPU
		{AB654885-8E2F-4C34-B477-5A33CEB2FB6E}.Debug|Any CPU.Build.0 = Debug|Any CPU
		{AB654885-8E2F-4C34-B477-5A33CEB2FB6E}.Release|Any CPU.ActiveCfg = Release|Any CPU
		{AB654885-8E2F-4C34-B477-5A33CEB2FB6E}.Release|Any CPU.Build.0 = Release|Any CPU
		{5B274F23-3203-42A2-BB82-7A280A19DA2F}.Debug|Any CPU.ActiveCfg = Debug|Any CPU
		{5B274F23-3203-42A2-BB82-7A280A19DA2F}.Debug|Any CPU.Build.0 = Debug|Any CPU
		{5B274F23-3203-42A2-BB82-7A280A19DA2F}.Release|Any CPU.ActiveCfg = Release|Any CPU
		{5B274F23-3203-42A2-BB82-7A280A19DA2F}.Release|Any CPU.Build.0 = Release|Any CPU
		{13060198-F590-4932-A1E7-0E14CCAA751C}.Debug|Any CPU.ActiveCfg = Debug|Any CPU
		{13060198-F590-4932-A1E7-0E14CCAA751C}.Debug|Any CPU.Build.0 = Debug|Any CPU
		{13060198-F590-4932-A1E7-0E14CCAA751C}.Release|Any CPU.ActiveCfg = Release|Any CPU
		{13060198-F590-4932-A1E7-0E14CCAA751C}.Release|Any CPU.Build.0 = Release|Any CPU
		{FD60849A-10DF-4682-A643-977DDE5F4B97}.Debug|Any CPU.ActiveCfg = Debug|Any CPU
		{FD60849A-10DF-4682-A643-977DDE5F4B97}.Debug|Any CPU.Build.0 = Debug|Any CPU
		{FD60849A-10DF-4682-A643-977DDE5F4B97}.Release|Any CPU.ActiveCfg = Release|Any CPU
		{FD60849A-10DF-4682-A643-977DDE5F4B97}.Release|Any CPU.Build.0 = Release|Any CPU
		{AC6B0BAD-A369-4A1A-8EC9-375686D3744F}.Debug|Any CPU.ActiveCfg = Debug|Any CPU
		{AC6B0BAD-A369-4A1A-8EC9-375686D3744F}.Debug|Any CPU.Build.0 = Debug|Any CPU
		{AC6B0BAD-A369-4A1A-8EC9-375686D3744F}.Release|Any CPU.ActiveCfg = Release|Any CPU
		{AC6B0BAD-A369-4A1A-8EC9-375686D3744F}.Release|Any CPU.Build.0 = Release|Any CPU
		{FDF25AAD-BA3A-4221-9F1A-B1AEBD4DE64B}.Debug|Any CPU.ActiveCfg = Debug|Any CPU
		{FDF25AAD-BA3A-4221-9F1A-B1AEBD4DE64B}.Debug|Any CPU.Build.0 = Debug|Any CPU
		{FDF25AAD-BA3A-4221-9F1A-B1AEBD4DE64B}.Release|Any CPU.ActiveCfg = Release|Any CPU
		{FDF25AAD-BA3A-4221-9F1A-B1AEBD4DE64B}.Release|Any CPU.Build.0 = Release|Any CPU
		{09753D06-4E4D-4899-A9B5-F960927B56A4}.Debug|Any CPU.ActiveCfg = Debug|Any CPU
		{09753D06-4E4D-4899-A9B5-F960927B56A4}.Debug|Any CPU.Build.0 = Debug|Any CPU
		{09753D06-4E4D-4899-A9B5-F960927B56A4}.Release|Any CPU.ActiveCfg = Release|Any CPU
		{09753D06-4E4D-4899-A9B5-F960927B56A4}.Release|Any CPU.Build.0 = Release|Any CPU
		{A6FEFF84-1800-46F3-B280-E07A6EC73E87}.Debug|Any CPU.ActiveCfg = Debug|Any CPU
		{A6FEFF84-1800-46F3-B280-E07A6EC73E87}.Debug|Any CPU.Build.0 = Debug|Any CPU
		{A6FEFF84-1800-46F3-B280-E07A6EC73E87}.Release|Any CPU.ActiveCfg = Release|Any CPU
		{A6FEFF84-1800-46F3-B280-E07A6EC73E87}.Release|Any CPU.Build.0 = Release|Any CPU
		{31D7AA67-9AED-4CD6-A34E-371352B1B12C}.Debug|Any CPU.ActiveCfg = Debug|Any CPU
		{31D7AA67-9AED-4CD6-A34E-371352B1B12C}.Debug|Any CPU.Build.0 = Debug|Any CPU
		{31D7AA67-9AED-4CD6-A34E-371352B1B12C}.Release|Any CPU.ActiveCfg = Release|Any CPU
		{31D7AA67-9AED-4CD6-A34E-371352B1B12C}.Release|Any CPU.Build.0 = Release|Any CPU
	EndGlobalSection
	GlobalSection(SolutionProperties) = preSolution
		HideSolutionNode = FALSE
	EndGlobalSection
	GlobalSection(ExtensibilityGlobals) = postSolution
		SolutionGuid = {D808CE79-BE1B-479D-88BB-27126C297B67}
	EndGlobalSection
EndGlobal
